
Microsoft Visual Studio Solution File, Format Version 12.00
# Visual Studio Version 17
VisualStudioVersion = 17.7.34031.279
MinimumVisualStudioVersion = 10.0.40219.1
Project("{FAE04EC0-301F-11D3-BF4B-00C04F79EFBC}") = "PHIRedactionPoC", "PHIRedactionPoC\PHIRedactionPoC.csproj", "{348102E2-64DC-403C-80A0-26F56F21DAD7}"
EndProject
Global
	GlobalSection(SolutionConfigurationPlatforms) = preSolution
		Debug|Any CPU = Debug|Any CPU
		Release|Any CPU = Release|Any CPU
	EndGlobalSection
	GlobalSection(ProjectConfigurationPlatforms) = postSolution
		{348102E2-64DC-403C-80A0-26F56F21DAD7}.Debug|Any CPU.ActiveCfg = Debug|Any CPU
		{348102E2-64DC-403C-80A0-26F56F21DAD7}.Debug|Any CPU.Build.0 = Debug|Any CPU
		{348102E2-64DC-403C-80A0-26F56F21DAD7}.Release|Any CPU.ActiveCfg = Release|Any CPU
		{348102E2-64DC-403C-80A0-26F56F21DAD7}.Release|Any CPU.Build.0 = Release|Any CPU
	EndGlobalSection
	GlobalSection(SolutionProperties) = preSolution
		HideSolutionNode = FALSE
	EndGlobalSection
	GlobalSection(ExtensibilityGlobals) = postSolution
		SolutionGuid = {4D6BFD63-4B6A-4FE1-A0BE-536351782888}
	EndGlobalSection
EndGlobal
